
Microsoft Visual Studio Solution File, Format Version 12.00
# Visual Studio 15
VisualStudioVersion = 15.0.28010.2016
MinimumVisualStudioVersion = 10.0.40219.1
Project("{FAE04EC0-301F-11D3-BF4B-00C04F79EFBC}") = "Vidly", "Vidly\Vidly.csproj", "{3245C4C2-8738-43C2-8ABD-E19756E5A498}"
EndProject
Global
	GlobalSection(SolutionConfigurationPlatforms) = preSolution
		Debug|Any CPU = Debug|Any CPU
		Release|Any CPU = Release|Any CPU
	EndGlobalSection
	GlobalSection(ProjectConfigurationPlatforms) = postSolution
		{3245C4C2-8738-43C2-8ABD-E19756E5A498}.Debug|Any CPU.ActiveCfg = Debug|Any CPU
		{3245C4C2-8738-43C2-8ABD-E19756E5A498}.Debug|Any CPU.Build.0 = Debug|Any CPU
		{3245C4C2-8738-43C2-8ABD-E19756E5A498}.Release|Any CPU.ActiveCfg = Release|Any CPU
		{3245C4C2-8738-43C2-8ABD-E19756E5A498}.Release|Any CPU.Build.0 = Release|Any CPU
	EndGlobalSection
	GlobalSection(SolutionProperties) = preSolution
		HideSolutionNode = FALSE
	EndGlobalSection
	GlobalSection(ExtensibilityGlobals) = postSolution
		SolutionGuid = {C18C74E2-5804-416F-A904-0CE11530BD90}
	EndGlobalSection
EndGlobal
